# THIS IS AN AUTOGENERATED FILE. DO NOT EDIT THIS FILE DIRECTLY.
# yarn lockfile v1


nwmatcher@^1.4.1:
  version "1.4.3"
  resolved "https://registry.yarnpkg.com/nwmatcher/-/nwmatcher-1.4.3.tgz#64348e3b3d80f035b40ac11563d278f8b72db89c"

react-native-console-time-polyfill@^0.0.6:
  version "0.0.6"
  resolved "https://registry.yarnpkg.com/react-native-console-time-polyfill/-/react-native-console-time-polyfill-0.0.6.tgz#7823d86fe83439c74480d1b124a92b1a78571889"

text-encoding@^0.6.4:
  version "0.6.4"
  resolved "https://registry.yarnpkg.com/text-encoding/-/text-encoding-0.6.4.tgz#e399a982257a276dae428bb92845cb71bdc26d19"

three@^0.88.0:
  version "0.88.0"
  resolved "https://registry.yarnpkg.com/three/-/three-0.88.0.tgz#4256c2fc38e4fb23a0d23eba2b6cce4df8e466d5"

xmldom-qsa@^1.0.3:
  version "1.0.3"
  resolved "https://registry.yarnpkg.com/xmldom-qsa/-/xmldom-qsa-1.0.3.tgz#3b70a440997982aa323f911a8b8c3c7db6a6ff1f"
  dependencies:
    nwmatcher "^1.4.1"
